
Microsoft Visual Studio Solution File, Format Version 12.00
# Visual Studio Version 17
VisualStudioVersion = 17.12.35707.178
MinimumVisualStudioVersion = 10.0.40219.1
Project("{FAE04EC0-301F-11D3-BF4B-00C04F79EFBC}") = "Repositories", "Repositories\Repositories.csproj", "{44DFD2DE-47E6-4482-B4FB-A9F4610FF283}"
EndProject
Project("{FAE04EC0-301F-11D3-BF4B-00C04F79EFBC}") = "Services", "Services\Services.csproj", "{8E2C1633-ECDC-44DE-A560-AB806FC371B1}"
EndProject
Project("{FAE04EC0-301F-11D3-BF4B-00C04F79EFBC}") = "BusinessObjects", "BusinessObjects\BusinessObjects.csproj", "{5C985586-86E8-497C-BE57-CD751081905E}"
EndProject
Project("{FAE04EC0-301F-11D3-BF4B-00C04F79EFBC}") = "DataAccessObjects", "DataAccessObjects\DataAccessObjects.csproj", "{46A4748B-EFF3-4B51-87DB-367C0D85AB81}"
EndProject
Project("{FAE04EC0-301F-11D3-BF4B-00C04F79EFBC}") = "FUNewsWebAPI", "FUNewsWebAPI\FUNewsWebAPI.csproj", "{1A8FDF4E-607D-45C5-9FD1-3906470AFE67}"
EndProject
Global
	GlobalSection(SolutionConfigurationPlatforms) = preSolution
		Debug|Any CPU = Debug|Any CPU
		Release|Any CPU = Release|Any CPU
	EndGlobalSection
	GlobalSection(ProjectConfigurationPlatforms) = postSolution
		{44DFD2DE-47E6-4482-B4FB-A9F4610FF283}.Debug|Any CPU.ActiveCfg = Debug|Any CPU
		{44DFD2DE-47E6-4482-B4FB-A9F4610FF283}.Debug|Any CPU.Build.0 = Debug|Any CPU
		{44DFD2DE-47E6-4482-B4FB-A9F4610FF283}.Release|Any CPU.ActiveCfg = Release|Any CPU
		{44DFD2DE-47E6-4482-B4FB-A9F4610FF283}.Release|Any CPU.Build.0 = Release|Any CPU
		{8E2C1633-ECDC-44DE-A560-AB806FC371B1}.Debug|Any CPU.ActiveCfg = Debug|Any CPU
		{8E2C1633-ECDC-44DE-A560-AB806FC371B1}.Debug|Any CPU.Build.0 = Debug|Any CPU
		{8E2C1633-ECDC-44DE-A560-AB806FC371B1}.Release|Any CPU.ActiveCfg = Release|Any CPU
		{8E2C1633-ECDC-44DE-A560-AB806FC371B1}.Release|Any CPU.Build.0 = Release|Any CPU
		{5C985586-86E8-497C-BE57-CD751081905E}.Debug|Any CPU.ActiveCfg = Debug|Any CPU
		{5C985586-86E8-497C-BE57-CD751081905E}.Debug|Any CPU.Build.0 = Debug|Any CPU
		{5C985586-86E8-497C-BE57-CD751081905E}.Release|Any CPU.ActiveCfg = Release|Any CPU
		{5C985586-86E8-497C-BE57-CD751081905E}.Release|Any CPU.Build.0 = Release|Any CPU
		{46A4748B-EFF3-4B51-87DB-367C0D85AB81}.Debug|Any CPU.ActiveCfg = Debug|Any CPU
		{46A4748B-EFF3-4B51-87DB-367C0D85AB81}.Debug|Any CPU.Build.0 = Debug|Any CPU
		{46A4748B-EFF3-4B51-87DB-367C0D85AB81}.Release|Any CPU.ActiveCfg = Release|Any CPU
		{46A4748B-EFF3-4B51-87DB-367C0D85AB81}.Release|Any CPU.Build.0 = Release|Any CPU
		{1A8FDF4E-607D-45C5-9FD1-3906470AFE67}.Debug|Any CPU.ActiveCfg = Debug|Any CPU
		{1A8FDF4E-607D-45C5-9FD1-3906470AFE67}.Debug|Any CPU.Build.0 = Debug|Any CPU
		{1A8FDF4E-607D-45C5-9FD1-3906470AFE67}.Release|Any CPU.ActiveCfg = Release|Any CPU
		{1A8FDF4E-607D-45C5-9FD1-3906470AFE67}.Release|Any CPU.Build.0 = Release|Any CPU
	EndGlobalSection
	GlobalSection(SolutionProperties) = preSolution
		HideSolutionNode = FALSE
	EndGlobalSection
EndGlobal
